Microsoft Visual Studio Solution File, Format Version 12.00
# Visual Studio 2012
Project("{FAE04EC0-301F-11D3-BF4B-00C04F79EFBC}") = "The Flames-Of-Pompeii", "The Flames-Of-Pompeii.csproj", "{5A910508-2A53-4B9B-B3E9-DCE88CC8A2AE}"
EndProject
Global
	GlobalSection(SolutionConfigurationPlatforms) = preSolution
	Debug|Any CPU = Debug|Any CPU
	ExportDebug|Any CPU = ExportDebug|Any CPU
	ExportRelease|Any CPU = ExportRelease|Any CPU
	EndGlobalSection
	GlobalSection(ProjectConfigurationPlatforms) = postSolution
		{5A910508-2A53-4B9B-B3E9-DCE88CC8A2AE}.Debug|Any CPU.ActiveCfg = Debug|Any CPU
		{5A910508-2A53-4B9B-B3E9-DCE88CC8A2AE}.Debug|Any CPU.Build.0 = Debug|Any CPU
		{5A910508-2A53-4B9B-B3E9-DCE88CC8A2AE}.ExportDebug|Any CPU.ActiveCfg = ExportDebug|Any CPU
		{5A910508-2A53-4B9B-B3E9-DCE88CC8A2AE}.ExportDebug|Any CPU.Build.0 = ExportDebug|Any CPU
		{5A910508-2A53-4B9B-B3E9-DCE88CC8A2AE}.ExportRelease|Any CPU.ActiveCfg = ExportRelease|Any CPU
		{5A910508-2A53-4B9B-B3E9-DCE88CC8A2AE}.ExportRelease|Any CPU.Build.0 = ExportRelease|Any CPU
	EndGlobalSection
EndGlobal
